
Microsoft Visual Studio Solution File, Format Version 12.00
# Visual Studio Version 16
VisualStudioVersion = 16.0.30615.102
MinimumVisualStudioVersion = 10.0.40219.1
Project("{FAE04EC0-301F-11D3-BF4B-00C04F79EFBC}") = "DurableFunctionApp", "DurableFunctionApp\DurableFunctionApp.csproj", "{FAA8BA59-F75C-4772-97AB-2FB6A33191FB}"
EndProject
Global
	GlobalSection(SolutionConfigurationPlatforms) = preSolution
		Debug|Any CPU = Debug|Any CPU
		Release|Any CPU = Release|Any CPU
	EndGlobalSection
	GlobalSection(ProjectConfigurationPlatforms) = postSolution
		{FAA8BA59-F75C-4772-97AB-2FB6A33191FB}.Debug|Any CPU.ActiveCfg = Debug|Any CPU
		{FAA8BA59-F75C-4772-97AB-2FB6A33191FB}.Debug|Any CPU.Build.0 = Debug|Any CPU
		{FAA8BA59-F75C-4772-97AB-2FB6A33191FB}.Release|Any CPU.ActiveCfg = Release|Any CPU
		{FAA8BA59-F75C-4772-97AB-2FB6A33191FB}.Release|Any CPU.Build.0 = Release|Any CPU
	EndGlobalSection
	GlobalSection(SolutionProperties) = preSolution
		HideSolutionNode = FALSE
	EndGlobalSection
	GlobalSection(ExtensibilityGlobals) = postSolution
		SolutionGuid = {54F4056C-8F32-4791-92A1-B86E3ECCFF9E}
	EndGlobalSection
EndGlobal
