
Microsoft Visual Studio Solution File, Format Version 12.00
# Visual Studio 15
VisualStudioVersion = 15.0.27703.2035
MinimumVisualStudioVersion = 10.0.40219.1
Project("{FAE04EC0-301F-11D3-BF4B-00C04F79EFBC}") = "WebJobs", "WebJobs\WebJobs.csproj", "{D67CA123-821E-486C-9635-086B5DA19128}"
EndProject
Global
	GlobalSection(SolutionConfigurationPlatforms) = preSolution
		Debug|Any CPU = Debug|Any CPU
		Release|Any CPU = Release|Any CPU
	EndGlobalSection
	GlobalSection(ProjectConfigurationPlatforms) = postSolution
		{D67CA123-821E-486C-9635-086B5DA19128}.Debug|Any CPU.ActiveCfg = Debug|Any CPU
		{D67CA123-821E-486C-9635-086B5DA19128}.Debug|Any CPU.Build.0 = Debug|Any CPU
		{D67CA123-821E-486C-9635-086B5DA19128}.Release|Any CPU.ActiveCfg = Release|Any CPU
		{D67CA123-821E-486C-9635-086B5DA19128}.Release|Any CPU.Build.0 = Release|Any CPU
	EndGlobalSection
	GlobalSection(SolutionProperties) = preSolution
		HideSolutionNode = FALSE
	EndGlobalSection
	GlobalSection(ExtensibilityGlobals) = postSolution
		SolutionGuid = {CD2F26F2-D458-4060-995E-6EF3741A27F0}
	EndGlobalSection
EndGlobal
