
Microsoft Visual Studio Solution File, Format Version 12.00
# Visual Studio Version 16
VisualStudioVersion = 16.0.30717.126
MinimumVisualStudioVersion = 10.0.40219.1
Project("{FAE04EC0-301F-11D3-BF4B-00C04F79EFBC}") = "EventHubReceiver", "EventHubReceiver.csproj", "{6865C7A6-44B7-485C-B16B-437C8B9A90FF}"
EndProject
Global
	GlobalSection(SolutionConfigurationPlatforms) = preSolution
		Debug|Any CPU = Debug|Any CPU
		Release|Any CPU = Release|Any CPU
	EndGlobalSection
	GlobalSection(ProjectConfigurationPlatforms) = postSolution
		{6865C7A6-44B7-485C-B16B-437C8B9A90FF}.Debug|Any CPU.ActiveCfg = Debug|Any CPU
		{6865C7A6-44B7-485C-B16B-437C8B9A90FF}.Debug|Any CPU.Build.0 = Debug|Any CPU
		{6865C7A6-44B7-485C-B16B-437C8B9A90FF}.Release|Any CPU.ActiveCfg = Release|Any CPU
		{6865C7A6-44B7-485C-B16B-437C8B9A90FF}.Release|Any CPU.Build.0 = Release|Any CPU
	EndGlobalSection
	GlobalSection(SolutionProperties) = preSolution
		HideSolutionNode = FALSE
	EndGlobalSection
	GlobalSection(ExtensibilityGlobals) = postSolution
		SolutionGuid = {CFE40AF9-FE4A-4E46-8880-4FD70F0EB808}
	EndGlobalSection
EndGlobal
