
Microsoft Visual Studio Solution File, Format Version 12.00
# Visual Studio Version 16
VisualStudioVersion = 16.0.30717.126
MinimumVisualStudioVersion = 10.0.40219.1
Project("{FAE04EC0-301F-11D3-BF4B-00C04F79EFBC}") = "TimerJob", "TimerJob.csproj", "{A4AD368A-503F-474D-A8FD-4E377533AB52}"
EndProject
Global
	GlobalSection(SolutionConfigurationPlatforms) = preSolution
		Debug|Any CPU = Debug|Any CPU
		Release|Any CPU = Release|Any CPU
	EndGlobalSection
	GlobalSection(ProjectConfigurationPlatforms) = postSolution
		{A4AD368A-503F-474D-A8FD-4E377533AB52}.Debug|Any CPU.ActiveCfg = Debug|Any CPU
		{A4AD368A-503F-474D-A8FD-4E377533AB52}.Debug|Any CPU.Build.0 = Debug|Any CPU
		{A4AD368A-503F-474D-A8FD-4E377533AB52}.Release|Any CPU.ActiveCfg = Release|Any CPU
		{A4AD368A-503F-474D-A8FD-4E377533AB52}.Release|Any CPU.Build.0 = Release|Any CPU
	EndGlobalSection
	GlobalSection(SolutionProperties) = preSolution
		HideSolutionNode = FALSE
	EndGlobalSection
	GlobalSection(ExtensibilityGlobals) = postSolution
		SolutionGuid = {21321B7F-4BF4-43CE-8AF7-9FFBF855E359}
	EndGlobalSection
EndGlobal
