
Microsoft Visual Studio Solution File, Format Version 12.00
# Visual Studio Version 16
VisualStudioVersion = 16.0.29418.71
MinimumVisualStudioVersion = 10.0.40219.1
Project("{FAE04EC0-301F-11D3-BF4B-00C04F79EFBC}") = "WebApi", "WebApi.csproj", "{71985DD9-9599-4532-BD16-5EF50F0CEA71}"
EndProject
Global
	GlobalSection(SolutionConfigurationPlatforms) = preSolution
		Debug|Any CPU = Debug|Any CPU
		Release|Any CPU = Release|Any CPU
	EndGlobalSection
	GlobalSection(ProjectConfigurationPlatforms) = postSolution
		{71985DD9-9599-4532-BD16-5EF50F0CEA71}.Debug|Any CPU.ActiveCfg = Debug|Any CPU
		{71985DD9-9599-4532-BD16-5EF50F0CEA71}.Debug|Any CPU.Build.0 = Debug|Any CPU
		{71985DD9-9599-4532-BD16-5EF50F0CEA71}.Release|Any CPU.ActiveCfg = Release|Any CPU
		{71985DD9-9599-4532-BD16-5EF50F0CEA71}.Release|Any CPU.Build.0 = Release|Any CPU
	EndGlobalSection
	GlobalSection(SolutionProperties) = preSolution
		HideSolutionNode = FALSE
	EndGlobalSection
	GlobalSection(ExtensibilityGlobals) = postSolution
		SolutionGuid = {4095A7F3-AD89-4BB1-AFAC-B8AA6FEB265A}
	EndGlobalSection
EndGlobal
